
Microsoft Visual Studio Solution File, Format Version 12.00
# Visual Studio Version 17
VisualStudioVersion = 17.14.36623.8 d17.14
MinimumVisualStudioVersion = 10.0.40219.1
Project("{FAE04EC0-301F-11D3-BF4B-00C04F79EFBC}") = "P2_AP1_FelixMunoz", "P2_AP1_FelixMunoz\P2_AP1_FelixMunoz.csproj", "{BE89C0D1-F87C-4C78-B369-26B6DCDB08CE}"
EndProject
Global
	GlobalSection(SolutionConfigurationPlatforms) = preSolution
		Debug|Any CPU = Debug|Any CPU
		Release|Any CPU = Release|Any CPU
	EndGlobalSection
	GlobalSection(ProjectConfigurationPlatforms) = postSolution
		{BE89C0D1-F87C-4C78-B369-26B6DCDB08CE}.Debug|Any CPU.ActiveCfg = Debug|Any CPU
		{BE89C0D1-F87C-4C78-B369-26B6DCDB08CE}.Debug|Any CPU.Build.0 = Debug|Any CPU
		{BE89C0D1-F87C-4C78-B369-26B6DCDB08CE}.Release|Any CPU.ActiveCfg = Release|Any CPU
		{BE89C0D1-F87C-4C78-B369-26B6DCDB08CE}.Release|Any CPU.Build.0 = Release|Any CPU
	EndGlobalSection
	GlobalSection(SolutionProperties) = preSolution
		HideSolutionNode = FALSE
	EndGlobalSection
	GlobalSection(ExtensibilityGlobals) = postSolution
		SolutionGuid = {8292032F-5F4A-4BF0-9FDA-C385B5256C84}
	EndGlobalSection
EndGlobal
